
Microsoft Visual Studio Solution File, Format Version 12.00
# Visual Studio 15
VisualStudioVersion = 15.0.28307.168
MinimumVisualStudioVersion = 10.0.40219.1
Project("{2150E333-8FDC-42A3-9474-1A3956D46DE8}") = "src", "src", "{3637930F-C3BC-44F9-B87B-786675E3A7C2}"
EndProject
Project("{9A19103F-16F7-4668-BE54-9A1E7A4F7556}") = "Infrastructure", "Infrastructure\Infrastructure.csproj", "{8C349885-3DC6-4EED-A60F-9B9BD6F3C218}"
EndProject
Project("{2150E333-8FDC-42A3-9474-1A3956D46DE8}") = "web", "web", "{2D3ECD63-CB85-4D3E-9404-4664868FA7CE}"
EndProject
Project("{2150E333-8FDC-42A3-9474-1A3956D46DE8}") = "test", "test", "{469B92F3-FEA4-4049-87BA-D27B862CA20C}"
EndProject
Project("{2150E333-8FDC-42A3-9474-1A3956D46DE8}") = "Solution Items", "Solution Items", "{76359595-F2A6-4540-8DEB-B4B8701095FF}"
	ProjectSection(SolutionItems) = preProject
		README.md = README.md
		requirements.md = requirements.md
	EndProjectSection
EndProject
Project("{9A19103F-16F7-4668-BE54-9A1E7A4F7556}") = "Host", "WebHost\Host.csproj", "{54974EBA-6CE4-4D30-A533-AE0543678B22}"
EndProject
Global
	GlobalSection(SolutionConfigurationPlatforms) = preSolution
		Debug|Any CPU = Debug|Any CPU
		Release|Any CPU = Release|Any CPU
	EndGlobalSection
	GlobalSection(ProjectConfigurationPlatforms) = postSolution
		{8C349885-3DC6-4EED-A60F-9B9BD6F3C218}.Debug|Any CPU.ActiveCfg = Debug|Any CPU
		{8C349885-3DC6-4EED-A60F-9B9BD6F3C218}.Debug|Any CPU.Build.0 = Debug|Any CPU
		{8C349885-3DC6-4EED-A60F-9B9BD6F3C218}.Release|Any CPU.ActiveCfg = Release|Any CPU
		{8C349885-3DC6-4EED-A60F-9B9BD6F3C218}.Release|Any CPU.Build.0 = Release|Any CPU
		{54974EBA-6CE4-4D30-A533-AE0543678B22}.Debug|Any CPU.ActiveCfg = Debug|Any CPU
		{54974EBA-6CE4-4D30-A533-AE0543678B22}.Debug|Any CPU.Build.0 = Debug|Any CPU
		{54974EBA-6CE4-4D30-A533-AE0543678B22}.Release|Any CPU.ActiveCfg = Release|Any CPU
		{54974EBA-6CE4-4D30-A533-AE0543678B22}.Release|Any CPU.Build.0 = Release|Any CPU
	EndGlobalSection
	GlobalSection(SolutionProperties) = preSolution
		HideSolutionNode = FALSE
	EndGlobalSection
	GlobalSection(NestedProjects) = preSolution
		{8C349885-3DC6-4EED-A60F-9B9BD6F3C218} = {3637930F-C3BC-44F9-B87B-786675E3A7C2}
		{2D3ECD63-CB85-4D3E-9404-4664868FA7CE} = {3637930F-C3BC-44F9-B87B-786675E3A7C2}
		{54974EBA-6CE4-4D30-A533-AE0543678B22} = {2D3ECD63-CB85-4D3E-9404-4664868FA7CE}
	EndGlobalSection
	GlobalSection(ExtensibilityGlobals) = postSolution
		SolutionGuid = {9A6ED314-76D2-4814-8487-449CBCAD6BB1}
	EndGlobalSection
EndGlobal
